
Microsoft Visual Studio Solution File, Format Version 11.00
# Visual Studio 2010
Project("{FAE04EC0-301F-11D3-BF4B-00C04F79EFBC}") = "Assembly-CSharp", "Assembly-CSharp.csproj", "{BCFC2994-1321-7DA7-59DD-88E6FCE5305E}"
EndProject
Project("{FAE04EC0-301F-11D3-BF4B-00C04F79EFBC}") = "PathCreator", "PathCreator.csproj", "{1A56EAB3-C729-9517-AECD-E821AEF5E819}"
EndProject
Project("{FAE04EC0-301F-11D3-BF4B-00C04F79EFBC}") = "PathCreatorEditor", "PathCreatorEditor.csproj", "{41B87818-5D39-B399-75BD-517B4759E18F}"
EndProject
Project("{FAE04EC0-301F-11D3-BF4B-00C04F79EFBC}") = "Assembly-CSharp-Editor", "Assembly-CSharp-Editor.csproj", "{88B6BE08-2DD9-A157-9834-9017EBCB712C}"
EndProject
Global
	GlobalSection(SolutionConfigurationPlatforms) = preSolution
		Debug|Any CPU = Debug|Any CPU
		Release|Any CPU = Release|Any CPU
	EndGlobalSection
	GlobalSection(ProjectConfigurationPlatforms) = postSolution
		{BCFC2994-1321-7DA7-59DD-88E6FCE5305E}.Debug|Any CPU.ActiveCfg = Debug|Any CPU
		{BCFC2994-1321-7DA7-59DD-88E6FCE5305E}.Debug|Any CPU.Build.0 = Debug|Any CPU
		{BCFC2994-1321-7DA7-59DD-88E6FCE5305E}.Release|Any CPU.ActiveCfg = Release|Any CPU
		{BCFC2994-1321-7DA7-59DD-88E6FCE5305E}.Release|Any CPU.Build.0 = Release|Any CPU
		{1A56EAB3-C729-9517-AECD-E821AEF5E819}.Debug|Any CPU.ActiveCfg = Debug|Any CPU
		{1A56EAB3-C729-9517-AECD-E821AEF5E819}.Debug|Any CPU.Build.0 = Debug|Any CPU
		{1A56EAB3-C729-9517-AECD-E821AEF5E819}.Release|Any CPU.ActiveCfg = Release|Any CPU
		{1A56EAB3-C729-9517-AECD-E821AEF5E819}.Release|Any CPU.Build.0 = Release|Any CPU
		{41B87818-5D39-B399-75BD-517B4759E18F}.Debug|Any CPU.ActiveCfg = Debug|Any CPU
		{41B87818-5D39-B399-75BD-517B4759E18F}.Debug|Any CPU.Build.0 = Debug|Any CPU
		{41B87818-5D39-B399-75BD-517B4759E18F}.Release|Any CPU.ActiveCfg = Release|Any CPU
		{41B87818-5D39-B399-75BD-517B4759E18F}.Release|Any CPU.Build.0 = Release|Any CPU
		{88B6BE08-2DD9-A157-9834-9017EBCB712C}.Debug|Any CPU.ActiveCfg = Debug|Any CPU
		{88B6BE08-2DD9-A157-9834-9017EBCB712C}.Debug|Any CPU.Build.0 = Debug|Any CPU
		{88B6BE08-2DD9-A157-9834-9017EBCB712C}.Release|Any CPU.ActiveCfg = Release|Any CPU
		{88B6BE08-2DD9-A157-9834-9017EBCB712C}.Release|Any CPU.Build.0 = Release|Any CPU
	EndGlobalSection
	GlobalSection(SolutionProperties) = preSolution
		HideSolutionNode = FALSE
	EndGlobalSection
EndGlobal
